// !$*UTF8*$!
{
	archiveVersion = 1;
	classes = {
	};
	objectVersion = 46;
	objects = {

/* Begin PBXBuildFile section */
		315AD0511E481486000D0DDD /* WSClient.swift in Sources */ = {isa = PBXBuildFile; fileRef = 315AD0501E481486000D0DDD /* WSClient.swift */; };
		315AD0531E481500000D0DDD /* Starscream.framework in Frameworks */ = {isa = PBXBuildFile; fileRef = 315AD0521E481500000D0DDD /* Starscream.framework */; };
		315AD0541E481500000D0DDD /* Starscream.framework in Embed Frameworks */ = {isa = PBXBuildFile; fileRef = 315AD0521E481500000D0DDD /* Starscream.framework */; settings = {ATTRIBUTES = (CodeSignOnCopy, RemoveHeadersOnCopy, ); }; };
		315AD0561E48209E000D0DDD /* RegisterCommand.swift in Sources */ = {isa = PBXBuildFile; fileRef = 315AD0551E48209E000D0DDD /* RegisterCommand.swift */; };
		315AD0581E482A66000D0DDD /* SwiftyJSON.framework in Frameworks */ = {isa = PBXBuildFile; fileRef = 315AD0571E482A66000D0DDD /* SwiftyJSON.framework */; };
		315AD0591E482A66000D0DDD /* SwiftyJSON.framework in Embed Frameworks */ = {isa = PBXBuildFile; fileRef = 315AD0571E482A66000D0DDD /* SwiftyJSON.framework */; settings = {ATTRIBUTES = (CodeSignOnCopy, RemoveHeadersOnCopy, ); }; };
		315AD05B1E48670E000D0DDD /* StartRecordCommand.swift in Sources */ = {isa = PBXBuildFile; fileRef = 315AD05A1E48670E000D0DDD /* StartRecordCommand.swift */; };
		315AD05D1E48671B000D0DDD /* StopRecordCommand.swift in Sources */ = {isa = PBXBuildFile; fileRef = 315AD05C1E48671B000D0DDD /* StopRecordCommand.swift */; };
		31688FDA1E0779FE007CDAE8 /* ScreenRTMP.swift in Sources */ = {isa = PBXBuildFile; fileRef = 31688FD91E0779FE007CDAE8 /* ScreenRTMP.swift */; };
		316890301E07954E007CDAE8 /* lf.framework in Frameworks */ = {isa = PBXBuildFile; fileRef = 3168902E1E07954E007CDAE8 /* lf.framework */; };
		316890311E07954E007CDAE8 /* lf.framework in Embed Frameworks */ = {isa = PBXBuildFile; fileRef = 3168902E1E07954E007CDAE8 /* lf.framework */; settings = {ATTRIBUTES = (CodeSignOnCopy, RemoveHeadersOnCopy, ); }; };
		316890321E07954E007CDAE8 /* XCGLogger.framework in Frameworks */ = {isa = PBXBuildFile; fileRef = 3168902F1E07954E007CDAE8 /* XCGLogger.framework */; };
		316890331E07954E007CDAE8 /* XCGLogger.framework in Embed Frameworks */ = {isa = PBXBuildFile; fileRef = 3168902F1E07954E007CDAE8 /* XCGLogger.framework */; settings = {ATTRIBUTES = (CodeSignOnCopy, RemoveHeadersOnCopy, ); }; };
		31A7F22D1E0A20E800DC53E3 /* AppStatusItem.swift in Sources */ = {isa = PBXBuildFile; fileRef = 31A7F22C1E0A20E800DC53E3 /* AppStatusItem.swift */; };
		31A7F2301E0A275100DC53E3 /* Main.storyboard in Resources */ = {isa = PBXBuildFile; fileRef = 31A7F22E1E0A275100DC53E3 /* Main.storyboard */; };
		31A7F2591E0A34D500DC53E3 /* Logger.swift in Sources */ = {isa = PBXBuildFile; fileRef = 31A7F2581E0A34D500DC53E3 /* Logger.swift */; };
		31A7F25B1E0A352B00DC53E3 /* SnapKit.framework in Frameworks */ = {isa = PBXBuildFile; fileRef = 31A7F25A1E0A352B00DC53E3 /* SnapKit.framework */; };
		31A7F25C1E0A352B00DC53E3 /* SnapKit.framework in Embed Frameworks */ = {isa = PBXBuildFile; fileRef = 31A7F25A1E0A352B00DC53E3 /* SnapKit.framework */; settings = {ATTRIBUTES = (CodeSignOnCopy, RemoveHeadersOnCopy, ); }; };
		31A7F25E1E0A4AAF00DC53E3 /* QRCode.swift in Sources */ = {isa = PBXBuildFile; fileRef = 31A7F25D1E0A4AAF00DC53E3 /* QRCode.swift */; };
		31FC8E161E448B1A003B19BA /* BaseCommand.swift in Sources */ = {isa = PBXBuildFile; fileRef = 31FC8E151E448B1A003B19BA /* BaseCommand.swift */; };
		31FFC4981E03F2E7001D8B8A /* Assets.xcassets in Resources */ = {isa = PBXBuildFile; fileRef = 31FFC4971E03F2E7001D8B8A /* Assets.xcassets */; };
		31FFC4A41E03F36C001D8B8A /* AppDelegate.swift in Sources */ = {isa = PBXBuildFile; fileRef = 31FFC4A31E03F36C001D8B8A /* AppDelegate.swift */; };
		31FFC4AB1E03F49F001D8B8A /* ScreenRecorder.swift in Sources */ = {isa = PBXBuildFile; fileRef = 31FFC4AA1E03F49F001D8B8A /* ScreenRecorder.swift */; };
		31FFC4AD1E0401E8001D8B8A /* Cartfile in Resources */ = {isa = PBXBuildFile; fileRef = 31FFC4AC1E0401E8001D8B8A /* Cartfile */; };
		5E722BEA1E646C6200464726 /* AppEvent.swift in Sources */ = {isa = PBXBuildFile; fileRef = 5E722BE91E646C6200464726 /* AppEvent.swift */; };
		5E87184B1E65198800EF67D2 /* LayoutWindowController.swift in Sources */ = {isa = PBXBuildFile; fileRef = 5E87184A1E65198800EF67D2 /* LayoutWindowController.swift */; };
		5E87184D1E6519A500EF67D2 /* LayoutViewController.swift in Sources */ = {isa = PBXBuildFile; fileRef = 5E87184C1E6519A500EF67D2 /* LayoutViewController.swift */; };
		5EA68E011E5C8DBD00E5B347 /* MJWindowManager.swift in Sources */ = {isa = PBXBuildFile; fileRef = 5EA68E001E5C8DBD00E5B347 /* MJWindowManager.swift */; };
		5ED2BF821E66D2FE006F6315 /* AccessibilityElement.swift in Sources */ = {isa = PBXBuildFile; fileRef = 5ED2BF7C1E66D2FE006F6315 /* AccessibilityElement.swift */; };
		5ED2BF831E66D2FE006F6315 /* AccessibilityHelper.swift in Sources */ = {isa = PBXBuildFile; fileRef = 5ED2BF7D1E66D2FE006F6315 /* AccessibilityHelper.swift */; };
		5ED2BF841E66D2FE006F6315 /* AXValue+Helper.swift in Sources */ = {isa = PBXBuildFile; fileRef = 5ED2BF7E1E66D2FE006F6315 /* AXValue+Helper.swift */; };
		5ED2BF851E66D2FE006F6315 /* Mouse.swift in Sources */ = {isa = PBXBuildFile; fileRef = 5ED2BF7F1E66D2FE006F6315 /* Mouse.swift */; };
		5ED2BF861E66D2FE006F6315 /* Mover.swift in Sources */ = {isa = PBXBuildFile; fileRef = 5ED2BF801E66D2FE006F6315 /* Mover.swift */; };
		5ED2BF871E66D2FE006F6315 /* Observer.swift in Sources */ = {isa = PBXBuildFile; fileRef = 5ED2BF811E66D2FE006F6315 /* Observer.swift */; };
		5EE81B8C1E5BDC0C00F00796 /* MyPopoverViewController.swift in Sources */ = {isa = PBXBuildFile; fileRef = 5EE81B8A1E5BDC0C00F00796 /* MyPopoverViewController.swift */; };
		5EE81B8D1E5BDC0C00F00796 /* MyPopoverViewController.xib in Resources */ = {isa = PBXBuildFile; fileRef = 5EE81B8B1E5BDC0C00F00796 /* MyPopoverViewController.xib */; };
		5EE81BBA1E5FD19200F00796 /* ScreenLocal.swift in Sources */ = {isa = PBXBuildFile; fileRef = 5EE81BB91E5FD19200F00796 /* ScreenLocal.swift */; };
/* End PBXBuildFile section */

/* Begin PBXCopyFilesBuildPhase section */
		316890241E07944D007CDAE8 /* Embed Frameworks */ = {
			isa = PBXCopyFilesBuildPhase;
			buildActionMask = 2147483647;
			dstPath = "";
			dstSubfolderSpec = 10;
			files = (
				31A7F25C1E0A352B00DC53E3 /* SnapKit.framework in Embed Frameworks */,
				315AD0541E481500000D0DDD /* Starscream.framework in Embed Frameworks */,
				316890311E07954E007CDAE8 /* lf.framework in Embed Frameworks */,
				316890331E07954E007CDAE8 /* XCGLogger.framework in Embed Frameworks */,
				315AD0591E482A66000D0DDD /* SwiftyJSON.framework in Embed Frameworks */,
			);
			name = "Embed Frameworks";
			runOnlyForDeploymentPostprocessing = 0;
		};
/* End PBXCopyFilesBuildPhase section */

/* Begin PBXFileReference section */
		315AD0501E481486000D0DDD /* WSClient.swift */ = {isa = PBXFileReference; fileEncoding = 4; lastKnownFileType = sourcecode.swift; path = WSClient.swift; sourceTree = "<group>"; };
		315AD0521E481500000D0DDD /* Starscream.framework */ = {isa = PBXFileReference; lastKnownFileType = wrapper.framework; name = Starscream.framework; path = Carthage/Build/Mac/Starscream.framework; sourceTree = "<group>"; };
		315AD0551E48209E000D0DDD /* RegisterCommand.swift */ = {isa = PBXFileReference; fileEncoding = 4; lastKnownFileType = sourcecode.swift; path = RegisterCommand.swift; sourceTree = "<group>"; };
		315AD0571E482A66000D0DDD /* SwiftyJSON.framework */ = {isa = PBXFileReference; lastKnownFileType = wrapper.framework; name = SwiftyJSON.framework; path = Carthage/Build/Mac/SwiftyJSON.framework; sourceTree = "<group>"; };
		315AD05A1E48670E000D0DDD /* StartRecordCommand.swift */ = {isa = PBXFileReference; fileEncoding = 4; lastKnownFileType = sourcecode.swift; path = StartRecordCommand.swift; sourceTree = "<group>"; };
		315AD05C1E48671B000D0DDD /* StopRecordCommand.swift */ = {isa = PBXFileReference; fileEncoding = 4; lastKnownFileType = sourcecode.swift; path = StopRecordCommand.swift; sourceTree = "<group>"; };
		31688FD91E0779FE007CDAE8 /* ScreenRTMP.swift */ = {isa = PBXFileReference; fileEncoding = 4; lastKnownFileType = sourcecode.swift; path = ScreenRTMP.swift; sourceTree = "<group>"; };
		3168902E1E07954E007CDAE8 /* lf.framework */ = {isa = PBXFileReference; lastKnownFileType = wrapper.framework; name = lf.framework; path = Carthage/Build/Mac/lf.framework; sourceTree = "<group>"; };
		3168902F1E07954E007CDAE8 /* XCGLogger.framework */ = {isa = PBXFileReference; lastKnownFileType = wrapper.framework; name = XCGLogger.framework; path = Carthage/Build/Mac/XCGLogger.framework; sourceTree = "<group>"; };
		31A7F22C1E0A20E800DC53E3 /* AppStatusItem.swift */ = {isa = PBXFileReference; fileEncoding = 4; lastKnownFileType = sourcecode.swift; path = AppStatusItem.swift; sourceTree = "<group>"; };
		31A7F22F1E0A275100DC53E3 /* Base */ = {isa = PBXFileReference; lastKnownFileType = file.storyboard; name = Base; path = Base.lproj/Main.storyboard; sourceTree = "<group>"; };
		31A7F2581E0A34D500DC53E3 /* Logger.swift */ = {isa = PBXFileReference; fileEncoding = 4; lastKnownFileType = sourcecode.swift; path = Logger.swift; sourceTree = "<group>"; };
		31A7F25A1E0A352B00DC53E3 /* SnapKit.framework */ = {isa = PBXFileReference; lastKnownFileType = wrapper.framework; name = SnapKit.framework; path = Carthage/Build/Mac/SnapKit.framework; sourceTree = "<group>"; };
		31A7F25D1E0A4AAF00DC53E3 /* QRCode.swift */ = {isa = PBXFileReference; fileEncoding = 4; lastKnownFileType = sourcecode.swift; path = QRCode.swift; sourceTree = "<group>"; };
		31FC8E151E448B1A003B19BA /* BaseCommand.swift */ = {isa = PBXFileReference; fileEncoding = 4; lastKnownFileType = sourcecode.swift; path = BaseCommand.swift; sourceTree = "<group>"; };
		31FFC4901E03F2E7001D8B8A /* LiveScreen.app */ = {isa = PBXFileReference; explicitFileType = wrapper.application; includeInIndex = 0; path = LiveScreen.app; sourceTree = BUILT_PRODUCTS_DIR; };
		31FFC4971E03F2E7001D8B8A /* Assets.xcassets */ = {isa = PBXFileReference; lastKnownFileType = folder.assetcatalog; path = Assets.xcassets; sourceTree = "<group>"; };
		31FFC49C1E03F2E8001D8B8A /* Info.plist */ = {isa = PBXFileReference; lastKnownFileType = text.plist.xml; path = Info.plist; sourceTree = "<group>"; };
		31FFC4A21E03F36B001D8B8A /* tubbX-Bridging-Header.h */ = {isa = PBXFileReference; lastKnownFileType = sourcecode.c.h; path = "tubbX-Bridging-Header.h"; sourceTree = "<group>"; };
		31FFC4A31E03F36C001D8B8A /* AppDelegate.swift */ = {isa = PBXFileReference; fileEncoding = 4; lastKnownFileType = sourcecode.swift; name = AppDelegate.swift; path = src/AppDelegate.swift; sourceTree = "<group>"; };
		31FFC4AA1E03F49F001D8B8A /* ScreenRecorder.swift */ = {isa = PBXFileReference; fileEncoding = 4; lastKnownFileType = sourcecode.swift; path = ScreenRecorder.swift; sourceTree = "<group>"; };
		31FFC4AC1E0401E8001D8B8A /* Cartfile */ = {isa = PBXFileReference; fileEncoding = 4; lastKnownFileType = text; path = Cartfile; sourceTree = "<group>"; };
		5E722BE91E646C6200464726 /* AppEvent.swift */ = {isa = PBXFileReference; fileEncoding = 4; lastKnownFileType = sourcecode.swift; name = AppEvent.swift; path = src/AppEvent.swift; sourceTree = "<group>"; };
		5E87184A1E65198800EF67D2 /* LayoutWindowController.swift */ = {isa = PBXFileReference; fileEncoding = 4; lastKnownFileType = sourcecode.swift; path = LayoutWindowController.swift; sourceTree = "<group>"; };
		5E87184C1E6519A500EF67D2 /* LayoutViewController.swift */ = {isa = PBXFileReference; fileEncoding = 4; lastKnownFileType = sourcecode.swift; path = LayoutViewController.swift; sourceTree = "<group>"; };
		5EA68E001E5C8DBD00E5B347 /* MJWindowManager.swift */ = {isa = PBXFileReference; fileEncoding = 4; lastKnownFileType = sourcecode.swift; path = MJWindowManager.swift; sourceTree = "<group>"; };
		5ED2BF7C1E66D2FE006F6315 /* AccessibilityElement.swift */ = {isa = PBXFileReference; fileEncoding = 4; lastKnownFileType = sourcecode.swift; path = AccessibilityElement.swift; sourceTree = "<group>"; };
		5ED2BF7D1E66D2FE006F6315 /* AccessibilityHelper.swift */ = {isa = PBXFileReference; fileEncoding = 4; lastKnownFileType = sourcecode.swift; path = AccessibilityHelper.swift; sourceTree = "<group>"; };
		5ED2BF7E1E66D2FE006F6315 /* AXValue+Helper.swift */ = {isa = PBXFileReference; fileEncoding = 4; lastKnownFileType = sourcecode.swift; path = "AXValue+Helper.swift"; sourceTree = "<group>"; };
		5ED2BF7F1E66D2FE006F6315 /* Mouse.swift */ = {isa = PBXFileReference; fileEncoding = 4; lastKnownFileType = sourcecode.swift; path = Mouse.swift; sourceTree = "<group>"; };
		5ED2BF801E66D2FE006F6315 /* Mover.swift */ = {isa = PBXFileReference; fileEncoding = 4; lastKnownFileType = sourcecode.swift; path = Mover.swift; sourceTree = "<group>"; };
		5ED2BF811E66D2FE006F6315 /* Observer.swift */ = {isa = PBXFileReference; fileEncoding = 4; lastKnownFileType = sourcecode.swift; path = Observer.swift; sourceTree = "<group>"; };
		5EE81B8A1E5BDC0C00F00796 /* MyPopoverViewController.swift */ = {isa = PBXFileReference; fileEncoding = 4; lastKnownFileType = sourcecode.swift; path = MyPopoverViewController.swift; sourceTree = "<group>"; };
		5EE81B8B1E5BDC0C00F00796 /* MyPopoverViewController.xib */ = {isa = PBXFileReference; fileEncoding = 4; lastKnownFileType = file.xib; path = MyPopoverViewController.xib; sourceTree = "<group>"; };
		5EE81BB81E5EF69300F00796 /* tubbX.entitlements */ = {isa = PBXFileReference; lastKnownFileType = text.plist.entitlements; path = tubbX.entitlements; sourceTree = "<group>"; };
		5EE81BB91E5FD19200F00796 /* ScreenLocal.swift */ = {isa = PBXFileReference; fileEncoding = 4; lastKnownFileType = sourcecode.swift; path = ScreenLocal.swift; sourceTree = "<group>"; };
/* End PBXFileReference section */

/* Begin PBXFrameworksBuildPhase section */
		31FFC48D1E03F2E7001D8B8A /* Frameworks */ = {
			isa = PBXFrameworksBuildPhase;
			buildActionMask = 2147483647;
			files = (
				31A7F25B1E0A352B00DC53E3 /* SnapKit.framework in Frameworks */,
				315AD0531E481500000D0DDD /* Starscream.framework in Frameworks */,
				316890301E07954E007CDAE8 /* lf.framework in Frameworks */,
				316890321E07954E007CDAE8 /* XCGLogger.framework in Frameworks */,
				315AD0581E482A66000D0DDD /* SwiftyJSON.framework in Frameworks */,
			);
			runOnlyForDeploymentPostprocessing = 0;
		};
/* End PBXFrameworksBuildPhase section */

/* Begin PBXGroup section */
		31688FE21E077AFA007CDAE8 /* Frameworks */ = {
			isa = PBXGroup;
			children = (
				315AD0571E482A66000D0DDD /* SwiftyJSON.framework */,
				315AD0521E481500000D0DDD /* Starscream.framework */,
				31A7F25A1E0A352B00DC53E3 /* SnapKit.framework */,
				3168902E1E07954E007CDAE8 /* lf.framework */,
				3168902F1E07954E007CDAE8 /* XCGLogger.framework */,
			);
			name = Frameworks;
			sourceTree = "<group>";
		};
		31A7F22B1E0A20D300DC53E3 /* widget */ = {
			isa = PBXGroup;
			children = (
				31A7F22C1E0A20E800DC53E3 /* AppStatusItem.swift */,
				5EE81B8A1E5BDC0C00F00796 /* MyPopoverViewController.swift */,
				5EE81B8B1E5BDC0C00F00796 /* MyPopoverViewController.xib */,
			);
			name = widget;
			path = src/widget;
			sourceTree = "<group>";
		};
		31A7F2551E0A321500DC53E3 /* util */ = {
			isa = PBXGroup;
			children = (
				31A7F2581E0A34D500DC53E3 /* Logger.swift */,
				31A7F25D1E0A4AAF00DC53E3 /* QRCode.swift */,
			);
			name = util;
			path = src/util;
			sourceTree = "<group>";
		};
		31FC8E141E448AFF003B19BA /* network */ = {
			isa = PBXGroup;
			children = (
				315AD0501E481486000D0DDD /* WSClient.swift */,
				31FC8E151E448B1A003B19BA /* BaseCommand.swift */,
				315AD0551E48209E000D0DDD /* RegisterCommand.swift */,
				315AD05A1E48670E000D0DDD /* StartRecordCommand.swift */,
				315AD05C1E48671B000D0DDD /* StopRecordCommand.swift */,
			);
			name = network;
			path = src/network;
			sourceTree = "<group>";
		};
		31FFC4871E03F2E7001D8B8A = {
			isa = PBXGroup;
			children = (
				31FFC4921E03F2E7001D8B8A /* tubbX */,
				31688FE21E077AFA007CDAE8 /* Frameworks */,
				31FFC4911E03F2E7001D8B8A /* Products */,
				31FFC4AC1E0401E8001D8B8A /* Cartfile */,
			);
			sourceTree = "<group>";
		};
		31FFC4911E03F2E7001D8B8A /* Products */ = {
			isa = PBXGroup;
			children = (
				31FFC4901E03F2E7001D8B8A /* LiveScreen.app */,
			);
			name = Products;
			sourceTree = "<group>";
		};
		31FFC4921E03F2E7001D8B8A /* tubbX */ = {
			isa = PBXGroup;
			children = (
				5EE81BB81E5EF69300F00796 /* tubbX.entitlements */,
				31FFC4A31E03F36C001D8B8A /* AppDelegate.swift */,
				5E722BE91E646C6200464726 /* AppEvent.swift */,
				31FFC4A61E03F37D001D8B8A /* view */,
				31FFC4A51E03F37D001D8B8A /* core */,
				31A7F22B1E0A20D300DC53E3 /* widget */,
				31FC8E141E448AFF003B19BA /* network */,
				31A7F2551E0A321500DC53E3 /* util */,
				5E8718581E65854900EF67D2 /* Libs */,
				31FFC4A91E03F38A001D8B8A /* support */,
			);
			path = tubbX;
			sourceTree = "<group>";
		};
		31FFC4A51E03F37D001D8B8A /* core */ = {
			isa = PBXGroup;
			children = (
				5EA68E001E5C8DBD00E5B347 /* MJWindowManager.swift */,
				31FFC4AA1E03F49F001D8B8A /* ScreenRecorder.swift */,
				31688FD91E0779FE007CDAE8 /* ScreenRTMP.swift */,
				5EE81BB91E5FD19200F00796 /* ScreenLocal.swift */,
			);
			name = core;
			path = src/core;
			sourceTree = "<group>";
		};
		31FFC4A61E03F37D001D8B8A /* view */ = {
			isa = PBXGroup;
			children = (
				5E87184A1E65198800EF67D2 /* LayoutWindowController.swift */,
				5E87184C1E6519A500EF67D2 /* LayoutViewController.swift */,
			);
			name = view;
			path = src/view;
			sourceTree = "<group>";
		};
		31FFC4A91E03F38A001D8B8A /* support */ = {
			isa = PBXGroup;
			children = (
				31FFC4971E03F2E7001D8B8A /* Assets.xcassets */,
				31FFC49C1E03F2E8001D8B8A /* Info.plist */,
				31FFC4A21E03F36B001D8B8A /* tubbX-Bridging-Header.h */,
				31A7F22E1E0A275100DC53E3 /* Main.storyboard */,
			);
			name = support;
			sourceTree = "<group>";
		};
		5E8718581E65854900EF67D2 /* Libs */ = {
			isa = PBXGroup;
			children = (
				5ED2BF7B1E66D2FE006F6315 /* ModMove */,
			);
			name = Libs;
			path = src/Libs;
			sourceTree = "<group>";
		};
		5ED2BF7B1E66D2FE006F6315 /* ModMove */ = {
			isa = PBXGroup;
			children = (
				5ED2BF7C1E66D2FE006F6315 /* AccessibilityElement.swift */,
				5ED2BF7D1E66D2FE006F6315 /* AccessibilityHelper.swift */,
				5ED2BF7E1E66D2FE006F6315 /* AXValue+Helper.swift */,
				5ED2BF7F1E66D2FE006F6315 /* Mouse.swift */,
				5ED2BF801E66D2FE006F6315 /* Mover.swift */,
				5ED2BF811E66D2FE006F6315 /* Observer.swift */,
			);
			path = ModMove;
			sourceTree = "<group>";
		};
/* End PBXGroup section */

/* Begin PBXNativeTarget section */
		31FFC48F1E03F2E7001D8B8A /* LiveScreen */ = {
			isa = PBXNativeTarget;
			buildConfigurationList = 31FFC49F1E03F2E8001D8B8A /* Build configuration list for PBXNativeTarget "LiveScreen" */;
			buildPhases = (
				31FFC48C1E03F2E7001D8B8A /* Sources */,
				31FFC48D1E03F2E7001D8B8A /* Frameworks */,
				31FFC48E1E03F2E7001D8B8A /* Resources */,
				316890241E07944D007CDAE8 /* Embed Frameworks */,
			);
			buildRules = (
			);
			dependencies = (
			);
			name = LiveScreen;
			productName = tubbX;
			productReference = 31FFC4901E03F2E7001D8B8A /* LiveScreen.app */;
			productType = "com.apple.product-type.application";
		};
/* End PBXNativeTarget section */

/* Begin PBXProject section */
		31FFC4881E03F2E7001D8B8A /* Project object */ = {
			isa = PBXProject;
			attributes = {
				LastSwiftUpdateCheck = 0810;
				LastUpgradeCheck = 0820;
				ORGANIZATIONNAME = "陆广庆";
				TargetAttributes = {
					31FFC48F1E03F2E7001D8B8A = {
						CreatedOnToolsVersion = 8.1;
						DevelopmentTeam = 9M6475P28E;
						LastSwiftMigration = 0810;
						ProvisioningStyle = Automatic;
						SystemCapabilities = {
							com.apple.Sandbox = {
								enabled = 1;
							};
						};
					};
				};
			};
			buildConfigurationList = 31FFC48B1E03F2E7001D8B8A /* Build configuration list for PBXProject "LiveScreen" */;
			compatibilityVersion = "Xcode 3.2";
			developmentRegion = English;
			hasScannedForEncodings = 0;
			knownRegions = (
				Base,
				en,
			);
			mainGroup = 31FFC4871E03F2E7001D8B8A;
			productRefGroup = 31FFC4911E03F2E7001D8B8A /* Products */;
			projectDirPath = "";
			projectRoot = "";
			targets = (
				31FFC48F1E03F2E7001D8B8A /* LiveScreen */,
			);
		};
/* End PBXProject section */

/* Begin PBXResourcesBuildPhase section */
		31FFC48E1E03F2E7001D8B8A /* Resources */ = {
			isa = PBXResourcesBuildPhase;
			buildActionMask = 2147483647;
			files = (
				5EE81B8D1E5BDC0C00F00796 /* MyPopoverViewController.xib in Resources */,
				31A7F2301E0A275100DC53E3 /* Main.storyboard in Resources */,
				31FFC4AD1E0401E8001D8B8A /* Cartfile in Resources */,
				31FFC4981E03F2E7001D8B8A /* Assets.xcassets in Resources */,
			);
			runOnlyForDeploymentPostprocessing = 0;
		};
/* End PBXResourcesBuildPhase section */

/* Begin PBXSourcesBuildPhase section */
		31FFC48C1E03F2E7001D8B8A /* Sources */ = {
			isa = PBXSourcesBuildPhase;
			buildActionMask = 2147483647;
			files = (
				5E87184B1E65198800EF67D2 /* LayoutWindowController.swift in Sources */,
				315AD0561E48209E000D0DDD /* RegisterCommand.swift in Sources */,
				31FFC4AB1E03F49F001D8B8A /* ScreenRecorder.swift in Sources */,
				5EE81B8C1E5BDC0C00F00796 /* MyPopoverViewController.swift in Sources */,
				5E87184D1E6519A500EF67D2 /* LayoutViewController.swift in Sources */,
				315AD0511E481486000D0DDD /* WSClient.swift in Sources */,
				315AD05D1E48671B000D0DDD /* StopRecordCommand.swift in Sources */,
				5E722BEA1E646C6200464726 /* AppEvent.swift in Sources */,
				5EA68E011E5C8DBD00E5B347 /* MJWindowManager.swift in Sources */,
				5ED2BF861E66D2FE006F6315 /* Mover.swift in Sources */,
				31A7F2591E0A34D500DC53E3 /* Logger.swift in Sources */,
				5ED2BF831E66D2FE006F6315 /* AccessibilityHelper.swift in Sources */,
				31688FDA1E0779FE007CDAE8 /* ScreenRTMP.swift in Sources */,
				5ED2BF841E66D2FE006F6315 /* AXValue+Helper.swift in Sources */,
				5ED2BF871E66D2FE006F6315 /* Observer.swift in Sources */,
				315AD05B1E48670E000D0DDD /* StartRecordCommand.swift in Sources */,
				31FFC4A41E03F36C001D8B8A /* AppDelegate.swift in Sources */,
				5ED2BF821E66D2FE006F6315 /* AccessibilityElement.swift in Sources */,
				5ED2BF851E66D2FE006F6315 /* Mouse.swift in Sources */,
				5EE81BBA1E5FD19200F00796 /* ScreenLocal.swift in Sources */,
				31FC8E161E448B1A003B19BA /* BaseCommand.swift in Sources */,
				31A7F22D1E0A20E800DC53E3 /* AppStatusItem.swift in Sources */,
				31A7F25E1E0A4AAF00DC53E3 /* QRCode.swift in Sources */,
			);
			runOnlyForDeploymentPostprocessing = 0;
		};
/* End PBXSourcesBuildPhase section */

/* Begin PBXVariantGroup section */
		31A7F22E1E0A275100DC53E3 /* Main.storyboard */ = {
			isa = PBXVariantGroup;
			children = (
				31A7F22F1E0A275100DC53E3 /* Base */,
			);
			name = Main.storyboard;
			sourceTree = "<group>";
		};
/* End PBXVariantGroup section */

/* Begin XCBuildConfiguration section */
		31FFC49D1E03F2E8001D8B8A /* Debug */ = {
			isa = XCBuildConfiguration;
			buildSettings = {
				ALWAYS_SEARCH_USER_PATHS = NO;
				CLANG_ANALYZER_NONNULL = YES;
				CLANG_CXX_LANGUAGE_STANDARD = "gnu++0x";
				CLANG_CXX_LIBRARY = "libc++";
				CLANG_ENABLE_MODULES = YES;
				CLANG_ENABLE_OBJC_ARC = YES;
				CLANG_WARN_BOOL_CONVERSION = YES;
				CLANG_WARN_CONSTANT_CONVERSION = YES;
				CLANG_WARN_DIRECT_OBJC_ISA_USAGE = YES_ERROR;
				CLANG_WARN_DOCUMENTATION_COMMENTS = YES;
				CLANG_WARN_EMPTY_BODY = YES;
				CLANG_WARN_ENUM_CONVERSION = YES;
				CLANG_WARN_INFINITE_RECURSION = YES;
				CLANG_WARN_INT_CONVERSION = YES;
				CLANG_WARN_OBJC_ROOT_CLASS = YES_ERROR;
				CLANG_WARN_SUSPICIOUS_MOVE = YES;
				CLANG_WARN_SUSPICIOUS_MOVES = YES;
				CLANG_WARN_UNREACHABLE_CODE = YES;
				CLANG_WARN__DUPLICATE_METHOD_MATCH = YES;
				CODE_SIGN_IDENTITY = "-";
				COPY_PHASE_STRIP = NO;
				DEBUG_INFORMATION_FORMAT = dwarf;
				ENABLE_STRICT_OBJC_MSGSEND = YES;
				ENABLE_TESTABILITY = YES;
				GCC_C_LANGUAGE_STANDARD = gnu99;
				GCC_DYNAMIC_NO_PIC = NO;
				GCC_NO_COMMON_BLOCKS = YES;
				GCC_OPTIMIZATION_LEVEL = 0;
				GCC_PREPROCESSOR_DEFINITIONS = (
					"DEBUG=1",
					"$(inherited)",
				);
				GCC_WARN_64_TO_32_BIT_CONVERSION = YES;
				GCC_WARN_ABOUT_RETURN_TYPE = YES_ERROR;
				GCC_WARN_UNDECLARED_SELECTOR = YES;
				GCC_WARN_UNINITIALIZED_AUTOS = YES_AGGRESSIVE;
				GCC_WARN_UNUSED_FUNCTION = YES;
				GCC_WARN_UNUSED_VARIABLE = YES;
				MACOSX_DEPLOYMENT_TARGET = 10.11;
				MTL_ENABLE_DEBUG_INFO = YES;
				ONLY_ACTIVE_ARCH = YES;
				SDKROOT = macosx;
				SWIFT_ACTIVE_COMPILATION_CONDITIONS = DEBUG;
				SWIFT_OPTIMIZATION_LEVEL = "-Onone";
			};
			name = Debug;
		};
		31FFC49E1E03F2E8001D8B8A /* Release */ = {
			isa = XCBuildConfiguration;
			buildSettings = {
				ALWAYS_SEARCH_USER_PATHS = NO;
				CLANG_ANALYZER_NONNULL = YES;
				CLANG_CXX_LANGUAGE_STANDARD = "gnu++0x";
				CLANG_CXX_LIBRARY = "libc++";
				CLANG_ENABLE_MODULES = YES;
				CLANG_ENABLE_OBJC_ARC = YES;
				CLANG_WARN_BOOL_CONVERSION = YES;
				CLANG_WARN_CONSTANT_CONVERSION = YES;
				CLANG_WARN_DIRECT_OBJC_ISA_USAGE = YES_ERROR;
				CLANG_WARN_DOCUMENTATION_COMMENTS = YES;
				CLANG_WARN_EMPTY_BODY = YES;
				CLANG_WARN_ENUM_CONVERSION = YES;
				CLANG_WARN_INFINITE_RECURSION = YES;
				CLANG_WARN_INT_CONVERSION = YES;
				CLANG_WARN_OBJC_ROOT_CLASS = YES_ERROR;
				CLANG_WARN_SUSPICIOUS_MOVE = YES;
				CLANG_WARN_SUSPICIOUS_MOVES = YES;
				CLANG_WARN_UNREACHABLE_CODE = YES;
				CLANG_WARN__DUPLICATE_METHOD_MATCH = YES;
				CODE_SIGN_IDENTITY = "-";
				COPY_PHASE_STRIP = NO;
				DEBUG_INFORMATION_FORMAT = "dwarf-with-dsym";
				ENABLE_NS_ASSERTIONS = NO;
				ENABLE_STRICT_OBJC_MSGSEND = YES;
				GCC_C_LANGUAGE_STANDARD = gnu99;
				GCC_NO_COMMON_BLOCKS = YES;
				GCC_WARN_64_TO_32_BIT_CONVERSION = YES;
				GCC_WARN_ABOUT_RETURN_TYPE = YES_ERROR;
				GCC_WARN_UNDECLARED_SELECTOR = YES;
				GCC_WARN_UNINITIALIZED_AUTOS = YES_AGGRESSIVE;
				GCC_WARN_UNUSED_FUNCTION = YES;
				GCC_WARN_UNUSED_VARIABLE = YES;
				MACOSX_DEPLOYMENT_TARGET = 10.11;
				MTL_ENABLE_DEBUG_INFO = NO;
				SDKROOT = macosx;
				SWIFT_OPTIMIZATION_LEVEL = "-Owholemodule";
			};
			name = Release;
		};
		31FFC4A01E03F2E8001D8B8A /* Debug */ = {
			isa = XCBuildConfiguration;
			buildSettings = {
				ASSETCATALOG_COMPILER_APPICON_NAME = AppIcon;
				CLANG_ENABLE_MODULES = YES;
				CODE_SIGN_ENTITLEMENTS = tubbX/tubbX.entitlements;
				CODE_SIGN_IDENTITY = "Mac Developer";
				COMBINE_HIDPI_IMAGES = YES;
				DEVELOPMENT_TEAM = 9M6475P28E;
				FRAMEWORK_SEARCH_PATHS = (
					"$(inherited)",
					"$(PROJECT_DIR)/libs",
					"$(PROJECT_DIR)/Carthage/Build/Mac",
				);
				INFOPLIST_FILE = tubbX/Info.plist;
				LD_RUNPATH_SEARCH_PATHS = "$(inherited) @executable_path/../Frameworks";
				MACOSX_DEPLOYMENT_TARGET = 10.11;
				OTHER_CODE_SIGN_FLAGS = "--deep";
				PRODUCT_BUNDLE_IDENTIFIER = macos.livescreen;
				PRODUCT_NAME = "$(TARGET_NAME)";
				SWIFT_OBJC_BRIDGING_HEADER = "tubbX/tubbX-Bridging-Header.h";
				SWIFT_OPTIMIZATION_LEVEL = "-Onone";
				SWIFT_VERSION = 3.0;
			};
			name = Debug;
		};
		31FFC4A11E03F2E8001D8B8A /* Release */ = {
			isa = XCBuildConfiguration;
			buildSettings = {
				ASSETCATALOG_COMPILER_APPICON_NAME = AppIcon;
				CLANG_ENABLE_MODULES = YES;
				CODE_SIGN_ENTITLEMENTS = tubbX/tubbX.entitlements;
				CODE_SIGN_IDENTITY = "Mac Developer";
				COMBINE_HIDPI_IMAGES = YES;
				DEVELOPMENT_TEAM = 9M6475P28E;
				FRAMEWORK_SEARCH_PATHS = (
					"$(inherited)",
					"$(PROJECT_DIR)/libs",
					"$(PROJECT_DIR)/Carthage/Build/Mac",
				);
				INFOPLIST_FILE = tubbX/Info.plist;
				LD_RUNPATH_SEARCH_PATHS = "$(inherited) @executable_path/../Frameworks";
				MACOSX_DEPLOYMENT_TARGET = 10.11;
				OTHER_CODE_SIGN_FLAGS = "--deep";
				PRODUCT_BUNDLE_IDENTIFIER = macos.livescreen;
				PRODUCT_NAME = "$(TARGET_NAME)";
				SWIFT_OBJC_BRIDGING_HEADER = "tubbX/tubbX-Bridging-Header.h";
				SWIFT_VERSION = 3.0;
			};
			name = Release;
		};
/* End XCBuildConfiguration section */

/* Begin XCConfigurationList section */
		31FFC48B1E03F2E7001D8B8A /* Build configuration list for PBXProject "LiveScreen" */ = {
			isa = XCConfigurationList;
			buildConfigurations = (
				31FFC49D1E03F2E8001D8B8A /* Debug */,
				31FFC49E1E03F2E8001D8B8A /* Release */,
			);
			defaultConfigurationIsVisible = 0;
			defaultConfigurationName = Release;
		};
		31FFC49F1E03F2E8001D8B8A /* Build configuration list for PBXNativeTarget "LiveScreen" */ = {
			isa = XCConfigurationList;
			buildConfigurations = (
				31FFC4A01E03F2E8001D8B8A /* Debug */,
				31FFC4A11E03F2E8001D8B8A /* Release */,
			);
			defaultConfigurationIsVisible = 0;
			defaultConfigurationName = Release;
		};
/* End XCConfigurationList section */
	};
	rootObject = 31FFC4881E03F2E7001D8B8A /* Project object */;
}
